{
  "name": "demo",
  "lockfileVersion": 2,
  "requires": true,
  "packages": {
    "": {
      "dependencies": {
        "@element-plus/icons": "^0.0.11"
      }
    },
    "node_modules/@element-plus/icons": {
      "version": "0.0.11",
      "resolved": "https://registry.npmjs.org/@element-plus/icons/-/icons-0.0.11.tgz",
      "integrity": "sha512-iKQXSxXu131Ai+I9Ymtcof9WId7kaXvB1+WRfAfpQCW7UiAMYgdNDqb/u0hgTo2Yq3MwC4MWJnNuTBEpG8r7+A==",
      "deprecated": "Package no longer supported. Contact Support at https://www.npmjs.com/support for more info."
    }
  },
  "dependencies": {
    "@element-plus/icons": {
      "version": "0.0.11",
      "resolved": "https://registry.npmjs.org/@element-plus/icons/-/icons-0.0.11.tgz",
      "integrity": "sha512-iKQXSxXu131Ai+I9Ymtcof9WId7kaXvB1+WRfAfpQCW7UiAMYgdNDqb/u0hgTo2Yq3MwC4MWJnNuTBEpG8r7+A=="
    }
  }
}
